
Microsoft Visual Studio Solution File, Format Version 12.00
# Visual Studio Version 17
VisualStudioVersion = 17.2.32526.322
MinimumVisualStudioVersion = 10.0.40219.1
Project("{8BC9CEB8-8B4A-11D0-8D11-00A0C91BC942}") = "Basecode_AI", "Basecode_AI\Basecode_AI.vcxproj", "{336AF5CF-7729-4912-9631-F693F8F142C3}"
EndProject
Global
	GlobalSection(SolutionConfigurationPlatforms) = preSolution
		Debug|x64 = Debug|x64
		Debug|x86 = Debug|x86
		Release|x64 = Release|x64
		Release|x86 = Release|x86
	EndGlobalSection
	GlobalSection(ProjectConfigurationPlatforms) = postSolution
		{336AF5CF-7729-4912-9631-F693F8F142C3}.Debug|x64.ActiveCfg = Debug|x64
		{336AF5CF-7729-4912-9631-F693F8F142C3}.Debug|x64.Build.0 = Debug|x64
		{336AF5CF-7729-4912-9631-F693F8F142C3}.Debug|x86.ActiveCfg = Debug|Win32
		{336AF5CF-7729-4912-9631-F693F8F142C3}.Debug|x86.Build.0 = Debug|Win32
		{336AF5CF-7729-4912-9631-F693F8F142C3}.Release|x64.ActiveCfg = Release|x64
		{336AF5CF-7729-4912-9631-F693F8F142C3}.Release|x64.Build.0 = Release|x64
		{336AF5CF-7729-4912-9631-F693F8F142C3}.Release|x86.ActiveCfg = Release|Win32
		{336AF5CF-7729-4912-9631-F693F8F142C3}.Release|x86.Build.0 = Release|Win32
	EndGlobalSection
	GlobalSection(SolutionProperties) = preSolution
		HideSolutionNode = FALSE
	EndGlobalSection
	GlobalSection(ExtensibilityGlobals) = postSolution
		SolutionGuid = {265FB693-A944-4434-8A5F-9CEE7101DC53}
	EndGlobalSection
EndGlobal
