<?xml version="1.0" encoding="utf-8"?>
<Project ToolsVersion="4.0" xmlns="http://schemas.microsoft.com/developer/msbuild/2003">
  <ItemGroup>
    <Filter Include="Fichiers sources">
      <UniqueIdentifier>{4FC737F1-C7A5-4376-A066-2A32D752A2FF}</UniqueIdentifier>
      <Extensions>cpp;c;cc;cxx;c++;cppm;ixx;def;odl;idl;hpj;bat;asm;asmx</Extensions>
    </Filter>
    <Filter Include="Fichiers d%27en-tête">
      <UniqueIdentifier>{93995380-89BD-4b04-88EB-625FBE52EBFB}</UniqueIdentifier>
      <Extensions>h;hh;hpp;hxx;h++;hm;inl;inc;ipp;xsd</Extensions>
    </Filter>
    <Filter Include="Fichiers de ressources">
      <UniqueIdentifier>{67DA6AB6-F800-4c08-8B7A-83BB121AAD01}</UniqueIdentifier>
      <Extensions>rc;ico;cur;bmp;dlg;rc2;rct;bin;rgs;gif;jpg;jpeg;jpe;resx;tiff;tif;png;wav;mfcribbon-ms</Extensions>
    </Filter>
    <Filter Include="Fichiers d%27en-tête\NN">
      <UniqueIdentifier>{7837ac61-e456-41c6-baf2-e20f7c39f089}</UniqueIdentifier>
    </Filter>
    <Filter Include="Fichiers sources\NN">
      <UniqueIdentifier>{20c2ba8e-494f-4ddd-9e47-5362562d09a3}</UniqueIdentifier>
    </Filter>
    <Filter Include="Fichiers sources\Connect4">
      <UniqueIdentifier>{20363289-0fa7-4709-8d26-801ecc6fa4e7}</UniqueIdentifier>
    </Filter>
    <Filter Include="Fichiers d%27en-tête\Connect4">
      <UniqueIdentifier>{39f7c99a-4645-4af4-ad77-7398b81282c4}</UniqueIdentifier>
    </Filter>
    <Filter Include="Fichiers d%27en-tête\Utils">
      <UniqueIdentifier>{f57527fd-00c6-4665-8235-9be4f13f4a3c}</UniqueIdentifier>
    </Filter>
    <Filter Include="Fichiers sources\Utils">
      <UniqueIdentifier>{6924755f-98e2-4935-b0fd-30de71862cec}</UniqueIdentifier>
    </Filter>
    <Filter Include="Fichiers sources\PG">
      <UniqueIdentifier>{fa171870-8b55-45b0-811a-fbeb6854deb3}</UniqueIdentifier>
    </Filter>
    <Filter Include="Fichiers d%27en-tête\PG">
      <UniqueIdentifier>{4fcf4766-1545-4889-8d00-e51443b913af}</UniqueIdentifier>
    </Filter>
    <Filter Include="Fichiers d%27en-tête\SDL">
      <UniqueIdentifier>{1c1fbf07-2816-4886-ac0f-5d290a5dded2}</UniqueIdentifier>
    </Filter>
    <Filter Include="Fichiers sources\SDL">
      <UniqueIdentifier>{2eb048c1-544c-4b5d-8d70-e19bf5a8a62f}</UniqueIdentifier>
    </Filter>
    <Filter Include="Fichiers sources\Snake">
      <UniqueIdentifier>{8f53d880-cb22-48d2-934f-34d5ab18e7c6}</UniqueIdentifier>
    </Filter>
    <Filter Include="Fichiers d%27en-tête\Snake">
      <UniqueIdentifier>{f3164cf2-e0cd-4aa5-a781-d385b8f03197}</UniqueIdentifier>
    </Filter>
    <Filter Include="Fichiers sources\Utils\Type">
      <UniqueIdentifier>{693714fd-a078-4e2f-978f-aebee568874c}</UniqueIdentifier>
    </Filter>
    <Filter Include="Fichiers d%27en-tête\Utils\Type">
      <UniqueIdentifier>{7d9e93a9-df5d-46db-8bd9-75f2b7c81388}</UniqueIdentifier>
    </Filter>
    <Filter Include="Fichiers sources\Utils\Tree">
      <UniqueIdentifier>{0ced0d01-15d3-4319-bc77-714629a31470}</UniqueIdentifier>
    </Filter>
    <Filter Include="Fichiers d%27en-tête\Utils\Tree">
      <UniqueIdentifier>{e467f062-e6a1-499e-840a-35ce17ceac65}</UniqueIdentifier>
    </Filter>
  </ItemGroup>
  <ItemGroup>
    <ClCompile Include="main.c">
      <Filter>Fichiers sources</Filter>
    </ClCompile>
    <ClCompile Include="Utils\Mat.c">
      <Filter>Fichiers sources\Utils</Filter>
    </ClCompile>
    <ClCompile Include="NN\Layer.c">
      <Filter>Fichiers sources\NN</Filter>
    </ClCompile>
    <ClCompile Include="NN\Network.c">
      <Filter>Fichiers sources\NN</Filter>
    </ClCompile>
    <ClCompile Include="Connect4\Game.c">
      <Filter>Fichiers sources\Connect4</Filter>
    </ClCompile>
    <ClCompile Include="Connect4\AI.c">
      <Filter>Fichiers sources\Connect4</Filter>
    </ClCompile>
    <ClCompile Include="Utils\FunctionID.c">
      <Filter>Fichiers sources\Utils</Filter>
    </ClCompile>
    <ClCompile Include="SDL\Window.c">
      <Filter>Fichiers sources\SDL</Filter>
    </ClCompile>
    <ClCompile Include="SDL\Input.c">
      <Filter>Fichiers sources\SDL</Filter>
    </ClCompile>
    <ClCompile Include="Settings.c">
      <Filter>Fichiers sources</Filter>
    </ClCompile>
    <ClCompile Include="Snake\Snake.c">
      <Filter>Fichiers sources\Snake</Filter>
    </ClCompile>
    <ClCompile Include="PG\Function.c">
      <Filter>Fichiers sources\PG</Filter>
    </ClCompile>
    <ClCompile Include="PG\TreeAI.c">
      <Filter>Fichiers sources\PG</Filter>
    </ClCompile>
    <ClCompile Include="Utils\Type\Bool.c">
      <Filter>Fichiers sources\Utils\Type</Filter>
    </ClCompile>
    <ClCompile Include="Utils\Type\Float.c">
      <Filter>Fichiers sources\Utils\Type</Filter>
    </ClCompile>
    <ClCompile Include="Utils\Type\Int.c">
      <Filter>Fichiers sources\Utils\Type</Filter>
    </ClCompile>
    <ClCompile Include="Utils\Tree\BinHeap.c">
      <Filter>Fichiers sources\Utils\Tree</Filter>
    </ClCompile>
    <ClCompile Include="Utils\DList.c">
      <Filter>Fichiers sources\Utils</Filter>
    </ClCompile>
    <ClCompile Include="Utils\Type\Void.c">
      <Filter>Fichiers sources\Utils\Type</Filter>
    </ClCompile>
    <ClCompile Include="NN\Batch.c">
      <Filter>Fichiers sources\NN</Filter>
    </ClCompile>
    <ClCompile Include="Utils\Tree\Tree.c">
      <Filter>Fichiers sources\Utils\Tree</Filter>
    </ClCompile>
  </ItemGroup>
  <ItemGroup>
    <ClInclude Include="Settings.h">
      <Filter>Fichiers d%27en-tête</Filter>
    </ClInclude>
    <ClInclude Include="NN\Layer.h">
      <Filter>Fichiers d%27en-tête\NN</Filter>
    </ClInclude>
    <ClInclude Include="NN\Network.h">
      <Filter>Fichiers d%27en-tête\NN</Filter>
    </ClInclude>
    <ClInclude Include="Utils\Mat.h">
      <Filter>Fichiers d%27en-tête\Utils</Filter>
    </ClInclude>
    <ClInclude Include="Utils\DList.h">
      <Filter>Fichiers d%27en-tête\Utils</Filter>
    </ClInclude>
    <ClInclude Include="Connect4\Game.h">
      <Filter>Fichiers d%27en-tête\Connect4</Filter>
    </ClInclude>
    <ClInclude Include="Connect4\AI.h">
      <Filter>Fichiers d%27en-tête\Connect4</Filter>
    </ClInclude>
    <ClInclude Include="PG\Function.h">
      <Filter>Fichiers d%27en-tête\PG</Filter>
    </ClInclude>
    <ClInclude Include="PG\TreeAI.h">
      <Filter>Fichiers d%27en-tête\PG</Filter>
    </ClInclude>
    <ClInclude Include="Utils\FunctionID.h">
      <Filter>Fichiers d%27en-tête\Utils</Filter>
    </ClInclude>
    <ClInclude Include="SDL\Window.h">
      <Filter>Fichiers d%27en-tête\SDL</Filter>
    </ClInclude>
    <ClInclude Include="SDL\Input.h">
      <Filter>Fichiers d%27en-tête\SDL</Filter>
    </ClInclude>
    <ClInclude Include="Snake\Snake.h">
      <Filter>Fichiers d%27en-tête\Snake</Filter>
    </ClInclude>
    <ClInclude Include="Utils\Type\Bool.h">
      <Filter>Fichiers d%27en-tête\Utils\Type</Filter>
    </ClInclude>
    <ClInclude Include="Utils\Type\Float.h">
      <Filter>Fichiers d%27en-tête\Utils\Type</Filter>
    </ClInclude>
    <ClInclude Include="Utils\Type\Int.h">
      <Filter>Fichiers d%27en-tête\Utils\Type</Filter>
    </ClInclude>
    <ClInclude Include="Utils\Tree\BinHeap.h">
      <Filter>Fichiers d%27en-tête\Utils\Tree</Filter>
    </ClInclude>
    <ClInclude Include="Utils\Type\Void.h">
      <Filter>Fichiers d%27en-tête\Utils\Type</Filter>
    </ClInclude>
    <ClInclude Include="NN\Batch.h">
      <Filter>Fichiers d%27en-tête\NN</Filter>
    </ClInclude>
    <ClInclude Include="Utils\Tree\Tree.h">
      <Filter>Fichiers d%27en-tête\Utils\Tree</Filter>
    </ClInclude>
  </ItemGroup>
</Project>