<?xml version="1.0" encoding="utf-8"?>
<Project ToolsVersion="4.0" xmlns="http://schemas.microsoft.com/developer/msbuild/2003">
  <ItemGroup>
    <Filter Include="Fichiers sources">
      <UniqueIdentifier>{4FC737F1-C7A5-4376-A066-2A32D752A2FF}</UniqueIdentifier>
      <Extensions>cpp;c;cc;cxx;c++;cppm;ixx;def;odl;idl;hpj;bat;asm;asmx</Extensions>
    </Filter>
    <Filter Include="Fichiers d%27en-tête">
      <UniqueIdentifier>{93995380-89BD-4b04-88EB-625FBE52EBFB}</UniqueIdentifier>
      <Extensions>h;hh;hpp;hxx;h++;hm;inl;inc;ipp;xsd</Extensions>
    </Filter>
    <Filter Include="Fichiers de ressources">
      <UniqueIdentifier>{67DA6AB6-F800-4c08-8B7A-83BB121AAD01}</UniqueIdentifier>
      <Extensions>rc;ico;cur;bmp;dlg;rc2;rct;bin;rgs;gif;jpg;jpeg;jpe;resx;tiff;tif;png;wav;mfcribbon-ms</Extensions>
    </Filter>
    <Filter Include="Fichiers d%27en-tête\Connect4">
      <UniqueIdentifier>{673ceba0-cf40-4f8d-9192-495f3b621534}</UniqueIdentifier>
    </Filter>
    <Filter Include="Fichiers d%27en-tête\NN">
      <UniqueIdentifier>{2e6e2d55-2de5-43f9-b070-f8c1db6f2b40}</UniqueIdentifier>
    </Filter>
    <Filter Include="Fichiers d%27en-tête\PG">
      <UniqueIdentifier>{8c41bf6a-0a30-466d-b8c9-92db4d6edce0}</UniqueIdentifier>
    </Filter>
    <Filter Include="Fichiers d%27en-tête\SDL">
      <UniqueIdentifier>{75dc5008-5b76-4a1d-a63f-fd9131b8d995}</UniqueIdentifier>
    </Filter>
    <Filter Include="Fichiers d%27en-tête\Snake">
      <UniqueIdentifier>{cba6c0fb-c3fa-47ab-8703-cfaf09ec4822}</UniqueIdentifier>
    </Filter>
    <Filter Include="Fichiers d%27en-tête\Utils">
      <UniqueIdentifier>{dafddf08-70b2-47a6-9c34-96db8818d230}</UniqueIdentifier>
    </Filter>
    <Filter Include="Fichiers d%27en-tête\Utils\Tree">
      <UniqueIdentifier>{b6d8d269-1d4c-4a34-a9f2-159d1a813d30}</UniqueIdentifier>
    </Filter>
    <Filter Include="Fichiers d%27en-tête\Utils\Type">
      <UniqueIdentifier>{83608a73-6d3b-4a12-8cbe-8a2a1ff88c2c}</UniqueIdentifier>
    </Filter>
    <Filter Include="Fichiers sources\Connect4">
      <UniqueIdentifier>{0ef4c62b-6c34-4aa5-8c00-9fe5c9d1e080}</UniqueIdentifier>
    </Filter>
    <Filter Include="Fichiers sources\NN">
      <UniqueIdentifier>{f559532d-606f-4a2c-941b-507ea973a5aa}</UniqueIdentifier>
    </Filter>
    <Filter Include="Fichiers sources\PG">
      <UniqueIdentifier>{ee1cd09b-114a-46c9-bc75-92b42763d780}</UniqueIdentifier>
    </Filter>
    <Filter Include="Fichiers sources\SDL">
      <UniqueIdentifier>{d3f50e8d-563e-4956-a281-277e756b1667}</UniqueIdentifier>
    </Filter>
    <Filter Include="Fichiers sources\Snake">
      <UniqueIdentifier>{50b7205e-e3ac-4e1a-b094-dd31c6363ec2}</UniqueIdentifier>
    </Filter>
    <Filter Include="Fichiers sources\Utils">
      <UniqueIdentifier>{eb3087e9-9adb-482f-89cc-a7439f504750}</UniqueIdentifier>
    </Filter>
    <Filter Include="Fichiers sources\Utils\Tree">
      <UniqueIdentifier>{79386001-6320-456a-9e46-2e01c9fbeb70}</UniqueIdentifier>
    </Filter>
    <Filter Include="Fichiers sources\Utils\Type">
      <UniqueIdentifier>{8f4bf841-7e63-4577-a210-195db39bafc5}</UniqueIdentifier>
    </Filter>
  </ItemGroup>
  <ItemGroup>
    <ClCompile Include="main.c">
      <Filter>Fichiers sources</Filter>
    </ClCompile>
    <ClCompile Include="Settings.c">
      <Filter>Fichiers sources</Filter>
    </ClCompile>
    <ClCompile Include="Utils\Type\Bool.c">
      <Filter>Fichiers sources\Utils\Type</Filter>
    </ClCompile>
    <ClCompile Include="Utils\Type\Float.c">
      <Filter>Fichiers sources\Utils\Type</Filter>
    </ClCompile>
    <ClCompile Include="Utils\Type\Int.c">
      <Filter>Fichiers sources\Utils\Type</Filter>
    </ClCompile>
    <ClCompile Include="Utils\Type\Void.c">
      <Filter>Fichiers sources\Utils\Type</Filter>
    </ClCompile>
    <ClCompile Include="Utils\Tree\BinHeap.c">
      <Filter>Fichiers sources\Utils\Tree</Filter>
    </ClCompile>
    <ClCompile Include="Utils\Tree\Tree.c">
      <Filter>Fichiers sources\Utils\Tree</Filter>
    </ClCompile>
    <ClCompile Include="Utils\DList.c">
      <Filter>Fichiers sources\Utils</Filter>
    </ClCompile>
    <ClCompile Include="Utils\FunctionID.c">
      <Filter>Fichiers sources\Utils</Filter>
    </ClCompile>
    <ClCompile Include="Utils\Mat.c">
      <Filter>Fichiers sources\Utils</Filter>
    </ClCompile>
    <ClCompile Include="Connect4\Connect4.c">
      <Filter>Fichiers sources\Connect4</Filter>
    </ClCompile>
    <ClCompile Include="Connect4\AI.c">
      <Filter>Fichiers sources\Connect4</Filter>
    </ClCompile>
    <ClCompile Include="PG\TreeAI.c">
      <Filter>Fichiers sources\PG</Filter>
    </ClCompile>
    <ClCompile Include="PG\Function.c">
      <Filter>Fichiers sources\PG</Filter>
    </ClCompile>
    <ClCompile Include="NN\Batch.c">
      <Filter>Fichiers sources\NN</Filter>
    </ClCompile>
    <ClCompile Include="NN\Layer.c">
      <Filter>Fichiers sources\NN</Filter>
    </ClCompile>
    <ClCompile Include="NN\Network.c">
      <Filter>Fichiers sources\NN</Filter>
    </ClCompile>
    <ClCompile Include="SDL\Window.c">
      <Filter>Fichiers sources\SDL</Filter>
    </ClCompile>
    <ClCompile Include="SDL\Input.c">
      <Filter>Fichiers sources\SDL</Filter>
    </ClCompile>
    <ClCompile Include="Snake\Snake.c">
      <Filter>Fichiers sources\Snake</Filter>
    </ClCompile>
  </ItemGroup>
  <ItemGroup>
    <ClInclude Include="Settings.h">
      <Filter>Fichiers d%27en-tête</Filter>
    </ClInclude>
    <ClInclude Include="Connect4\AI.h">
      <Filter>Fichiers d%27en-tête\Connect4</Filter>
    </ClInclude>
    <ClInclude Include="Connect4\Connect4.h">
      <Filter>Fichiers d%27en-tête\Connect4</Filter>
    </ClInclude>
    <ClInclude Include="NN\Batch.h">
      <Filter>Fichiers d%27en-tête\NN</Filter>
    </ClInclude>
    <ClInclude Include="NN\Network.h">
      <Filter>Fichiers d%27en-tête\NN</Filter>
    </ClInclude>
    <ClInclude Include="NN\Layer.h">
      <Filter>Fichiers d%27en-tête\NN</Filter>
    </ClInclude>
    <ClInclude Include="PG\TreeAI.h">
      <Filter>Fichiers d%27en-tête\PG</Filter>
    </ClInclude>
    <ClInclude Include="PG\Function.h">
      <Filter>Fichiers d%27en-tête\PG</Filter>
    </ClInclude>
    <ClInclude Include="SDL\Window.h">
      <Filter>Fichiers d%27en-tête\SDL</Filter>
    </ClInclude>
    <ClInclude Include="SDL\Input.h">
      <Filter>Fichiers d%27en-tête\SDL</Filter>
    </ClInclude>
    <ClInclude Include="Snake\Snake.h">
      <Filter>Fichiers d%27en-tête\Snake</Filter>
    </ClInclude>
    <ClInclude Include="Utils\Tree\BinHeap.h">
      <Filter>Fichiers d%27en-tête\Utils\Tree</Filter>
    </ClInclude>
    <ClInclude Include="Utils\Tree\Tree.h">
      <Filter>Fichiers d%27en-tête\Utils\Tree</Filter>
    </ClInclude>
    <ClInclude Include="Utils\Type\Bool.h">
      <Filter>Fichiers d%27en-tête\Utils\Type</Filter>
    </ClInclude>
    <ClInclude Include="Utils\Type\Float.h">
      <Filter>Fichiers d%27en-tête\Utils\Type</Filter>
    </ClInclude>
    <ClInclude Include="Utils\Type\Int.h">
      <Filter>Fichiers d%27en-tête\Utils\Type</Filter>
    </ClInclude>
    <ClInclude Include="Utils\Type\Void.h">
      <Filter>Fichiers d%27en-tête\Utils\Type</Filter>
    </ClInclude>
    <ClInclude Include="Utils\DList.h">
      <Filter>Fichiers d%27en-tête\Utils</Filter>
    </ClInclude>
    <ClInclude Include="Utils\FunctionID.h">
      <Filter>Fichiers d%27en-tête\Utils</Filter>
    </ClInclude>
    <ClInclude Include="Utils\Mat.h">
      <Filter>Fichiers d%27en-tête\Utils</Filter>
    </ClInclude>
  </ItemGroup>
</Project>